
Microsoft Visual Studio Solution File, Format Version 12.00
# Visual Studio 15
VisualStudioVersion = 15.0.27130.2024
MinimumVisualStudioVersion = 10.0.40219.1
Project("{9A19103F-16F7-4668-BE54-9A1E7A4F7556}") = "NetCore_Angular", "NetCore_Angular.csproj", "{7D2CF237-0DA3-42FD-ABA8-84FD231593D8}"
EndProject
Global
	GlobalSection(SolutionConfigurationPlatforms) = preSolution
		Debug|Any CPU = Debug|Any CPU
		Release|Any CPU = Release|Any CPU
	EndGlobalSection
	GlobalSection(ProjectConfigurationPlatforms) = postSolution
		{7D2CF237-0DA3-42FD-ABA8-84FD231593D8}.Debug|Any CPU.ActiveCfg = Debug|Any CPU
		{7D2CF237-0DA3-42FD-ABA8-84FD231593D8}.Debug|Any CPU.Build.0 = Debug|Any CPU
		{7D2CF237-0DA3-42FD-ABA8-84FD231593D8}.Release|Any CPU.ActiveCfg = Release|Any CPU
		{7D2CF237-0DA3-42FD-ABA8-84FD231593D8}.Release|Any CPU.Build.0 = Release|Any CPU
	EndGlobalSection
	GlobalSection(SolutionProperties) = preSolution
		HideSolutionNode = FALSE
	EndGlobalSection
	GlobalSection(ExtensibilityGlobals) = postSolution
		SolutionGuid = {4B3415B6-114A-4161-8E30-BD93EC4F3C3B}
	EndGlobalSection
EndGlobal
